// !$*UTF8*$!
{
	archiveVersion = 1;
	classes = {
	};
	objectVersion = 50;
	objects = {

/* Begin PBXBuildFile section */
		CF92E92924A7274500AF9CDD /* AppDelegate.swift in Sources */ = {isa = PBXBuildFile; fileRef = CF92E92824A7274500AF9CDD /* AppDelegate.swift */; };
		CF92E92B24A7274500AF9CDD /* SceneDelegate.swift in Sources */ = {isa = PBXBuildFile; fileRef = CF92E92A24A7274500AF9CDD /* SceneDelegate.swift */; };
		CF92E92D24A7274500AF9CDD /* ContentView.swift in Sources */ = {isa = PBXBuildFile; fileRef = CF92E92C24A7274500AF9CDD /* ContentView.swift */; };
		CF92E92F24A7274800AF9CDD /* Assets.xcassets in Resources */ = {isa = PBXBuildFile; fileRef = CF92E92E24A7274800AF9CDD /* Assets.xcassets */; };
		CF92E93224A7274800AF9CDD /* Preview Assets.xcassets in Resources */ = {isa = PBXBuildFile; fileRef = CF92E93124A7274800AF9CDD /* Preview Assets.xcassets */; };
		CF92E93524A7274800AF9CDD /* LaunchScreen.storyboard in Resources */ = {isa = PBXBuildFile; fileRef = CF92E93324A7274800AF9CDD /* LaunchScreen.storyboard */; };
/* End PBXBuildFile section */

/* Begin PBXFileReference section */
		CF92E92524A7274500AF9CDD /* LandScope3rd.app */ = {isa = PBXFileReference; explicitFileType = wrapper.application; includeInIndex = 0; path = LandScope3rd.app; sourceTree = BUILT_PRODUCTS_DIR; };
		CF92E92824A7274500AF9CDD /* AppDelegate.swift */ = {isa = PBXFileReference; lastKnownFileType = sourcecode.swift; path = AppDelegate.swift; sourceTree = "<group>"; };
		CF92E92A24A7274500AF9CDD /* SceneDelegate.swift */ = {isa = PBXFileReference; lastKnownFileType = sourcecode.swift; path = SceneDelegate.swift; sourceTree = "<group>"; };
		CF92E92C24A7274500AF9CDD /* ContentView.swift */ = {isa = PBXFileReference; lastKnownFileType = sourcecode.swift; path = ContentView.swift; sourceTree = "<group>"; };
		CF92E92E24A7274800AF9CDD /* Assets.xcassets */ = {isa = PBXFileReference; lastKnownFileType = folder.assetcatalog; path = Assets.xcassets; sourceTree = "<group>"; };
		CF92E93124A7274800AF9CDD /* Preview Assets.xcassets */ = {isa = PBXFileReference; lastKnownFileType = folder.assetcatalog; path = "Preview Assets.xcassets"; sourceTree = "<group>"; };
		CF92E93424A7274800AF9CDD /* Base */ = {isa = PBXFileReference; lastKnownFileType = file.storyboard; name = Base; path = Base.lproj/LaunchScreen.storyboard; sourceTree = "<group>"; };
		CF92E93624A7274800AF9CDD /* Info.plist */ = {isa = PBXFileReference; lastKnownFileType = text.plist.xml; path = Info.plist; sourceTree = "<group>"; };
/* End PBXFileReference section */

/* Begin PBXFrameworksBuildPhase section */
		CF92E92224A7274500AF9CDD /* Frameworks */ = {
			isa = PBXFrameworksBuildPhase;
			buildActionMask = 2147483647;
			files = (
			);
			runOnlyForDeploymentPostprocessing = 0;
		};
/* End PBXFrameworksBuildPhase section */

/* Begin PBXGroup section */
		CF92E91C24A7274500AF9CDD = {
			isa = PBXGroup;
			children = (
				CF92E92724A7274500AF9CDD /* LandScope3rd */,
				CF92E92624A7274500AF9CDD /* Products */,
			);
			sourceTree = "<group>";
		};
		CF92E92624A7274500AF9CDD /* Products */ = {
			isa = PBXGroup;
			children = (
				CF92E92524A7274500AF9CDD /* LandScope3rd.app */,
			);
			name = Products;
			sourceTree = "<group>";
		};
		CF92E92724A7274500AF9CDD /* LandScope3rd */ = {
			isa = PBXGroup;
			children = (
				CF92E92824A7274500AF9CDD /* AppDelegate.swift */,
				CF92E92A24A7274500AF9CDD /* SceneDelegate.swift */,
				CF92E92C24A7274500AF9CDD /* ContentView.swift */,
				CF92E92E24A7274800AF9CDD /* Assets.xcassets */,
				CF92E93324A7274800AF9CDD /* LaunchScreen.storyboard */,
				CF92E93624A7274800AF9CDD /* Info.plist */,
				CF92E93024A7274800AF9CDD /* Preview Content */,
			);
			path = LandScope3rd;
			sourceTree = "<group>";
		};
		CF92E93024A7274800AF9CDD /* Preview Content */ = {
			isa = PBXGroup;
			children = (
				CF92E93124A7274800AF9CDD /* Preview Assets.xcassets */,
			);
			path = "Preview Content";
			sourceTree = "<group>";
		};
/* End PBXGroup section */

/* Begin PBXNativeTarget section */
		CF92E92424A7274500AF9CDD /* LandScope3rd */ = {
			isa = PBXNativeTarget;
			buildConfigurationList = CF92E93924A7274800AF9CDD /* Build configuration list for PBXNativeTarget "LandScope3rd" */;
			buildPhases = (
				CF92E92124A7274500AF9CDD /* Sources */,
				CF92E92224A7274500AF9CDD /* Frameworks */,
				CF92E92324A7274500AF9CDD /* Resources */,
			);
			buildRules = (
			);
			dependencies = (
			);
			name = LandScope3rd;
			productName = LandScope3rd;
			productReference = CF92E92524A7274500AF9CDD /* LandScope3rd.app */;
			productType = "com.apple.product-type.application";
		};
/* End PBXNativeTarget section */

/* Begin PBXProject section */
		CF92E91D24A7274500AF9CDD /* Project object */ = {
			isa = PBXProject;
			attributes = {
				LastSwiftUpdateCheck = 1150;
				LastUpgradeCheck = 1150;
				ORGANIZATIONNAME = "古川とおる";
				TargetAttributes = {
					CF92E92424A7274500AF9CDD = {
						CreatedOnToolsVersion = 11.5;
					};
				};
			};
			buildConfigurationList = CF92E92024A7274500AF9CDD /* Build configuration list for PBXProject "LandScope3rd" */;
			compatibilityVersion = "Xcode 9.3";
			developmentRegion = en;
			hasScannedForEncodings = 0;
			knownRegions = (
				en,
				Base,
			);
			mainGroup = CF92E91C24A7274500AF9CDD;
			productRefGroup = CF92E92624A7274500AF9CDD /* Products */;
			projectDirPath = "";
			projectRoot = "";
			targets = (
				CF92E92424A7274500AF9CDD /* LandScope3rd */,
			);
		};
/* End PBXProject section */

/* Begin PBXResourcesBuildPhase section */
		CF92E92324A7274500AF9CDD /* Resources */ = {
			isa = PBXResourcesBuildPhase;
			buildActionMask = 2147483647;
			files = (
				CF92E93524A7274800AF9CDD /* LaunchScreen.storyboard in Resources */,
				CF92E93224A7274800AF9CDD /* Preview Assets.xcassets in Resources */,
				CF92E92F24A7274800AF9CDD /* Assets.xcassets in Resources */,
			);
			runOnlyForDeploymentPostprocessing = 0;
		};
/* End PBXResourcesBuildPhase section */

/* Begin PBXSourcesBuildPhase section */
		CF92E92124A7274500AF9CDD /* Sources */ = {
			isa = PBXSourcesBuildPhase;
			buildActionMask = 2147483647;
			files = (
				CF92E92924A7274500AF9CDD /* AppDelegate.swift in Sources */,
				CF92E92B24A7274500AF9CDD /* SceneDelegate.swift in Sources */,
				CF92E92D24A7274500AF9CDD /* ContentView.swift in Sources */,
			);
			runOnlyForDeploymentPostprocessing = 0;
		};
/* End PBXSourcesBuildPhase section */

/* Begin PBXVariantGroup section */
		CF92E93324A7274800AF9CDD /* LaunchScreen.storyboard */ = {
			isa = PBXVariantGroup;
			children = (
				CF92E93424A7274800AF9CDD /* Base */,
			);
			name = LaunchScreen.storyboard;
			sourceTree = "<group>";
		};
/* End PBXVariantGroup section */

/* Begin XCBuildConfiguration section */
		CF92E93724A7274800AF9CDD /* Debug */ = {
			isa = XCBuildConfiguration;
			buildSettings = {
				ALWAYS_SEARCH_USER_PATHS = NO;
				CLANG_ANALYZER_NONNULL = YES;
				CLANG_ANALYZER_NUMBER_OBJECT_CONVERSION = YES_AGGRESSIVE;
				CLANG_CXX_LANGUAGE_STANDARD = "gnu++14";
				CLANG_CXX_LIBRARY = "libc++";
				CLANG_ENABLE_MODULES = YES;
				CLANG_ENABLE_OBJC_ARC = YES;
				CLANG_ENABLE_OBJC_WEAK = YES;
				CLANG_WARN_BLOCK_CAPTURE_AUTORELEASING = YES;
				CLANG_WARN_BOOL_CONVERSION = YES;
				CLANG_WARN_COMMA = YES;
				CLANG_WARN_CONSTANT_CONVERSION = YES;
				CLANG_WARN_DEPRECATED_OBJC_IMPLEMENTATIONS = YES;
				CLANG_WARN_DIRECT_OBJC_ISA_USAGE = YES_ERROR;
				CLANG_WARN_DOCUMENTATION_COMMENTS = YES;
				CLANG_WARN_EMPTY_BODY = YES;
				CLANG_WARN_ENUM_CONVERSION = YES;
				CLANG_WARN_INFINITE_RECURSION = YES;
				CLANG_WARN_INT_CONVERSION = YES;
				CLANG_WARN_NON_LITERAL_NULL_CONVERSION = YES;
				CLANG_WARN_OBJC_IMPLICIT_RETAIN_SELF = YES;
				CLANG_WARN_OBJC_LITERAL_CONVERSION = YES;
				CLANG_WARN_OBJC_ROOT_CLASS = YES_ERROR;
				CLANG_WARN_RANGE_LOOP_ANALYSIS = YES;
				CLANG_WARN_STRICT_PROTOTYPES = YES;
				CLANG_WARN_SUSPICIOUS_MOVE = YES;
				CLANG_WARN_UNGUARDED_AVAILABILITY = YES_AGGRESSIVE;
				CLANG_WARN_UNREACHABLE_CODE = YES;
				CLANG_WARN__DUPLICATE_METHOD_MATCH = YES;
				COPY_PHASE_STRIP = NO;
				DEBUG_INFORMATION_FORMAT = dwarf;
				ENABLE_STRICT_OBJC_MSGSEND = YES;
				ENABLE_TESTABILITY = YES;
				GCC_C_LANGUAGE_STANDARD = gnu11;
				GCC_DYNAMIC_NO_PIC = NO;
				GCC_NO_COMMON_BLOCKS = YES;
				GCC_OPTIMIZATION_LEVEL = 0;
				GCC_PREPROCESSOR_DEFINITIONS = (
					"DEBUG=1",
					"$(inherited)",
				);
				GCC_WARN_64_TO_32_BIT_CONVERSION = YES;
				GCC_WARN_ABOUT_RETURN_TYPE = YES_ERROR;
				GCC_WARN_UNDECLARED_SELECTOR = YES;
				GCC_WARN_UNINITIALIZED_AUTOS = YES_AGGRESSIVE;
				GCC_WARN_UNUSED_FUNCTION = YES;
				GCC_WARN_UNUSED_VARIABLE = YES;
				IPHONEOS_DEPLOYMENT_TARGET = 13.5;
				MTL_ENABLE_DEBUG_INFO = INCLUDE_SOURCE;
				MTL_FAST_MATH = YES;
				ONLY_ACTIVE_ARCH = YES;
				SDKROOT = iphoneos;
				SWIFT_ACTIVE_COMPILATION_CONDITIONS = DEBUG;
				SWIFT_OPTIMIZATION_LEVEL = "-Onone";
			};
			name = Debug;
		};
		CF92E93824A7274800AF9CDD /* Release */ = {
			isa = XCBuildConfiguration;
			buildSettings = {
				ALWAYS_SEARCH_USER_PATHS = NO;
				CLANG_ANALYZER_NONNULL = YES;
				CLANG_ANALYZER_NUMBER_OBJECT_CONVERSION = YES_AGGRESSIVE;
				CLANG_CXX_LANGUAGE_STANDARD = "gnu++14";
				CLANG_CXX_LIBRARY = "libc++";
				CLANG_ENABLE_MODULES = YES;
				CLANG_ENABLE_OBJC_ARC = YES;
				CLANG_ENABLE_OBJC_WEAK = YES;
				CLANG_WARN_BLOCK_CAPTURE_AUTORELEASING = YES;
				CLANG_WARN_BOOL_CONVERSION = YES;
				CLANG_WARN_COMMA = YES;
				CLANG_WARN_CONSTANT_CONVERSION = YES;
				CLANG_WARN_DEPRECATED_OBJC_IMPLEMENTATIONS = YES;
				CLANG_WARN_DIRECT_OBJC_ISA_USAGE = YES_ERROR;
				CLANG_WARN_DOCUMENTATION_COMMENTS = YES;
				CLANG_WARN_EMPTY_BODY = YES;
				CLANG_WARN_ENUM_CONVERSION = YES;
				CLANG_WARN_INFINITE_RECURSION = YES;
				CLANG_WARN_INT_CONVERSION = YES;
				CLANG_WARN_NON_LITERAL_NULL_CONVERSION = YES;
				CLANG_WARN_OBJC_IMPLICIT_RETAIN_SELF = YES;
				CLANG_WARN_OBJC_LITERAL_CONVERSION = YES;
				CLANG_WARN_OBJC_ROOT_CLASS = YES_ERROR;
				CLANG_WARN_RANGE_LOOP_ANALYSIS = YES;
				CLANG_WARN_STRICT_PROTOTYPES = YES;
				CLANG_WARN_SUSPICIOUS_MOVE = YES;
				CLANG_WARN_UNGUARDED_AVAILABILITY = YES_AGGRESSIVE;
				CLANG_WARN_UNREACHABLE_CODE = YES;
				CLANG_WARN__DUPLICATE_METHOD_MATCH = YES;
				COPY_PHASE_STRIP = NO;
				DEBUG_INFORMATION_FORMAT = "dwarf-with-dsym";
				ENABLE_NS_ASSERTIONS = NO;
				ENABLE_STRICT_OBJC_MSGSEND = YES;
				GCC_C_LANGUAGE_STANDARD = gnu11;
				GCC_NO_COMMON_BLOCKS = YES;
				GCC_WARN_64_TO_32_BIT_CONVERSION = YES;
				GCC_WARN_ABOUT_RETURN_TYPE = YES_ERROR;
				GCC_WARN_UNDECLARED_SELECTOR = YES;
				GCC_WARN_UNINITIALIZED_AUTOS = YES_AGGRESSIVE;
				GCC_WARN_UNUSED_FUNCTION = YES;
				GCC_WARN_UNUSED_VARIABLE = YES;
				IPHONEOS_DEPLOYMENT_TARGET = 13.5;
				MTL_ENABLE_DEBUG_INFO = NO;
				MTL_FAST_MATH = YES;
				SDKROOT = iphoneos;
				SWIFT_COMPILATION_MODE = wholemodule;
				SWIFT_OPTIMIZATION_LEVEL = "-O";
				VALIDATE_PRODUCT = YES;
			};
			name = Release;
		};
		CF92E93A24A7274800AF9CDD /* Debug */ = {
			isa = XCBuildConfiguration;
			buildSettings = {
				ASSETCATALOG_COMPILER_APPICON_NAME = AppIcon;
				CODE_SIGN_STYLE = Automatic;
				DEVELOPMENT_ASSET_PATHS = "\"LandScope3rd/Preview Content\"";
				DEVELOPMENT_TEAM = N9XM5J63V8;
				ENABLE_PREVIEWS = YES;
				INFOPLIST_FILE = LandScope3rd/Info.plist;
				LD_RUNPATH_SEARCH_PATHS = (
					"$(inherited)",
					"@executable_path/Frameworks",
				);
				PRODUCT_BUNDLE_IDENTIFIER = "jp.osaka-c.hirakatatsuda.LandScope3rd";
				PRODUCT_NAME = "$(TARGET_NAME)";
				SWIFT_VERSION = 5.0;
				TARGETED_DEVICE_FAMILY = "1,2";
			};
			name = Debug;
		};
		CF92E93B24A7274800AF9CDD /* Release */ = {
			isa = XCBuildConfiguration;
			buildSettings = {
				ASSETCATALOG_COMPILER_APPICON_NAME = AppIcon;
				CODE_SIGN_STYLE = Automatic;
				DEVELOPMENT_ASSET_PATHS = "\"LandScope3rd/Preview Content\"";
				DEVELOPMENT_TEAM = N9XM5J63V8;
				ENABLE_PREVIEWS = YES;
				INFOPLIST_FILE = LandScope3rd/Info.plist;
				LD_RUNPATH_SEARCH_PATHS = (
					"$(inherited)",
					"@executable_path/Frameworks",
				);
				PRODUCT_BUNDLE_IDENTIFIER = "jp.osaka-c.hirakatatsuda.LandScope3rd";
				PRODUCT_NAME = "$(TARGET_NAME)";
				SWIFT_VERSION = 5.0;
				TARGETED_DEVICE_FAMILY = "1,2";
			};
			name = Release;
		};
/* End XCBuildConfiguration section */

/* Begin XCConfigurationList section */
		CF92E92024A7274500AF9CDD /* Build configuration list for PBXProject "LandScope3rd" */ = {
			isa = XCConfigurationList;
			buildConfigurations = (
				CF92E93724A7274800AF9CDD /* Debug */,
				CF92E93824A7274800AF9CDD /* Release */,
			);
			defaultConfigurationIsVisible = 0;
			defaultConfigurationName = Release;
		};
		CF92E93924A7274800AF9CDD /* Build configuration list for PBXNativeTarget "LandScope3rd" */ = {
			isa = XCConfigurationList;
			buildConfigurations = (
				CF92E93A24A7274800AF9CDD /* Debug */,
				CF92E93B24A7274800AF9CDD /* Release */,
			);
			defaultConfigurationIsVisible = 0;
			defaultConfigurationName = Release;
		};
/* End XCConfigurationList section */
	};
	rootObject = CF92E91D24A7274500AF9CDD /* Project object */;
}
